// !$*UTF8*$!
{
	archiveVersion = 1;
	classes = {
	};
	objectVersion = 46;
	objects = {

/* Begin PBXBuildFile section */
		07E7BC151B012C93009A8A4E /* AppDelegate.swift in Sources */ = {isa = PBXBuildFile; fileRef = 07E7BC141B012C93009A8A4E /* AppDelegate.swift */; };
		07E7BC171B012C93009A8A4E /* ViewController.swift in Sources */ = {isa = PBXBuildFile; fileRef = 07E7BC161B012C93009A8A4E /* ViewController.swift */; };
		07E7BC1A1B012C93009A8A4E /* Main.storyboard in Resources */ = {isa = PBXBuildFile; fileRef = 07E7BC181B012C93009A8A4E /* Main.storyboard */; };
		07E7BC1C1B012C93009A8A4E /* Images.xcassets in Resources */ = {isa = PBXBuildFile; fileRef = 07E7BC1B1B012C93009A8A4E /* Images.xcassets */; };
		07E7BC1F1B012C93009A8A4E /* LaunchScreen.xib in Resources */ = {isa = PBXBuildFile; fileRef = 07E7BC1D1B012C93009A8A4E /* LaunchScreen.xib */; };
		07E7BC2B1B012C93009A8A4E /* TipCalculatorTests.swift in Sources */ = {isa = PBXBuildFile; fileRef = 07E7BC2A1B012C93009A8A4E /* TipCalculatorTests.swift */; };
/* End PBXBuildFile section */

/* Begin PBXContainerItemProxy section */
		07E7BC251B012C93009A8A4E /* PBXContainerItemProxy */ = {
			isa = PBXContainerItemProxy;
			containerPortal = 07E7BC071B012C93009A8A4E /* Project object */;
			proxyType = 1;
			remoteGlobalIDString = 07E7BC0E1B012C93009A8A4E;
			remoteInfo = TipCalculator;
		};
/* End PBXContainerItemProxy section */

/* Begin PBXFileReference section */
		07E7BC0F1B012C93009A8A4E /* TipCalculator.app */ = {isa = PBXFileReference; explicitFileType = wrapper.application; includeInIndex = 0; path = TipCalculator.app; sourceTree = BUILT_PRODUCTS_DIR; };
		07E7BC131B012C93009A8A4E /* Info.plist */ = {isa = PBXFileReference; lastKnownFileType = text.plist.xml; path = Info.plist; sourceTree = "<group>"; };
		07E7BC141B012C93009A8A4E /* AppDelegate.swift */ = {isa = PBXFileReference; lastKnownFileType = sourcecode.swift; path = AppDelegate.swift; sourceTree = "<group>"; };
		07E7BC161B012C93009A8A4E /* ViewController.swift */ = {isa = PBXFileReference; lastKnownFileType = sourcecode.swift; path = ViewController.swift; sourceTree = "<group>"; };
		07E7BC191B012C93009A8A4E /* Base */ = {isa = PBXFileReference; lastKnownFileType = file.storyboard; name = Base; path = Base.lproj/Main.storyboard; sourceTree = "<group>"; };
		07E7BC1B1B012C93009A8A4E /* Images.xcassets */ = {isa = PBXFileReference; lastKnownFileType = folder.assetcatalog; path = Images.xcassets; sourceTree = "<group>"; };
		07E7BC1E1B012C93009A8A4E /* Base */ = {isa = PBXFileReference; lastKnownFileType = file.xib; name = Base; path = Base.lproj/LaunchScreen.xib; sourceTree = "<group>"; };
		07E7BC241B012C93009A8A4E /* TipCalculatorTests.xctest */ = {isa = PBXFileReference; explicitFileType = wrapper.cfbundle; includeInIndex = 0; path = TipCalculatorTests.xctest; sourceTree = BUILT_PRODUCTS_DIR; };
		07E7BC291B012C93009A8A4E /* Info.plist */ = {isa = PBXFileReference; lastKnownFileType = text.plist.xml; path = Info.plist; sourceTree = "<group>"; };
		07E7BC2A1B012C93009A8A4E /* TipCalculatorTests.swift */ = {isa = PBXFileReference; lastKnownFileType = sourcecode.swift; path = TipCalculatorTests.swift; sourceTree = "<group>"; };
/* End PBXFileReference section */

/* Begin PBXFrameworksBuildPhase section */
		07E7BC0C1B012C93009A8A4E /* Frameworks */ = {
			isa = PBXFrameworksBuildPhase;
			buildActionMask = 2147483647;
			files = (
			);
			runOnlyForDeploymentPostprocessing = 0;
		};
		07E7BC211B012C93009A8A4E /* Frameworks */ = {
			isa = PBXFrameworksBuildPhase;
			buildActionMask = 2147483647;
			files = (
			);
			runOnlyForDeploymentPostprocessing = 0;
		};
/* End PBXFrameworksBuildPhase section */

/* Begin PBXGroup section */
		07E7BC061B012C93009A8A4E = {
			isa = PBXGroup;
			children = (
				07E7BC111B012C93009A8A4E /* TipCalculator */,
				07E7BC271B012C93009A8A4E /* TipCalculatorTests */,
				07E7BC101B012C93009A8A4E /* Products */,
			);
			sourceTree = "<group>";
		};
		07E7BC101B012C93009A8A4E /* Products */ = {
			isa = PBXGroup;
			children = (
				07E7BC0F1B012C93009A8A4E /* TipCalculator.app */,
				07E7BC241B012C93009A8A4E /* TipCalculatorTests.xctest */,
			);
			name = Products;
			sourceTree = "<group>";
		};
		07E7BC111B012C93009A8A4E /* TipCalculator */ = {
			isa = PBXGroup;
			children = (
				07E7BC141B012C93009A8A4E /* AppDelegate.swift */,
				07E7BC161B012C93009A8A4E /* ViewController.swift */,
				07E7BC181B012C93009A8A4E /* Main.storyboard */,
				07E7BC1B1B012C93009A8A4E /* Images.xcassets */,
				07E7BC1D1B012C93009A8A4E /* LaunchScreen.xib */,
				07E7BC121B012C93009A8A4E /* Supporting Files */,
			);
			path = TipCalculator;
			sourceTree = "<group>";
		};
		07E7BC121B012C93009A8A4E /* Supporting Files */ = {
			isa = PBXGroup;
			children = (
				07E7BC131B012C93009A8A4E /* Info.plist */,
			);
			name = "Supporting Files";
			sourceTree = "<group>";
		};
		07E7BC271B012C93009A8A4E /* TipCalculatorTests */ = {
			isa = PBXGroup;
			children = (
				07E7BC2A1B012C93009A8A4E /* TipCalculatorTests.swift */,
				07E7BC281B012C93009A8A4E /* Supporting Files */,
			);
			path = TipCalculatorTests;
			sourceTree = "<group>";
		};
		07E7BC281B012C93009A8A4E /* Supporting Files */ = {
			isa = PBXGroup;
			children = (
				07E7BC291B012C93009A8A4E /* Info.plist */,
			);
			name = "Supporting Files";
			sourceTree = "<group>";
		};
/* End PBXGroup section */

/* Begin PBXNativeTarget section */
		07E7BC0E1B012C93009A8A4E /* TipCalculator */ = {
			isa = PBXNativeTarget;
			buildConfigurationList = 07E7BC2E1B012C93009A8A4E /* Build configuration list for PBXNativeTarget "TipCalculator" */;
			buildPhases = (
				07E7BC0B1B012C93009A8A4E /* Sources */,
				07E7BC0C1B012C93009A8A4E /* Frameworks */,
				07E7BC0D1B012C93009A8A4E /* Resources */,
			);
			buildRules = (
			);
			dependencies = (
			);
			name = TipCalculator;
			productName = TipCalculator;
			productReference = 07E7BC0F1B012C93009A8A4E /* TipCalculator.app */;
			productType = "com.apple.product-type.application";
		};
		07E7BC231B012C93009A8A4E /* TipCalculatorTests */ = {
			isa = PBXNativeTarget;
			buildConfigurationList = 07E7BC311B012C93009A8A4E /* Build configuration list for PBXNativeTarget "TipCalculatorTests" */;
			buildPhases = (
				07E7BC201B012C93009A8A4E /* Sources */,
				07E7BC211B012C93009A8A4E /* Frameworks */,
				07E7BC221B012C93009A8A4E /* Resources */,
			);
			buildRules = (
			);
			dependencies = (
				07E7BC261B012C93009A8A4E /* PBXTargetDependency */,
			);
			name = TipCalculatorTests;
			productName = TipCalculatorTests;
			productReference = 07E7BC241B012C93009A8A4E /* TipCalculatorTests.xctest */;
			productType = "com.apple.product-type.bundle.unit-test";
		};
/* End PBXNativeTarget section */

/* Begin PBXProject section */
		07E7BC071B012C93009A8A4E /* Project object */ = {
			isa = PBXProject;
			attributes = {
				LastUpgradeCheck = 0630;
				ORGANIZATIONNAME = "Eric Meyer";
				TargetAttributes = {
					07E7BC0E1B012C93009A8A4E = {
						CreatedOnToolsVersion = 6.3.1;
					};
					07E7BC231B012C93009A8A4E = {
						CreatedOnToolsVersion = 6.3.1;
						TestTargetID = 07E7BC0E1B012C93009A8A4E;
					};
				};
			};
			buildConfigurationList = 07E7BC0A1B012C93009A8A4E /* Build configuration list for PBXProject "TipCalculator" */;
			compatibilityVersion = "Xcode 3.2";
			developmentRegion = English;
			hasScannedForEncodings = 0;
			knownRegions = (
				en,
				Base,
			);
			mainGroup = 07E7BC061B012C93009A8A4E;
			productRefGroup = 07E7BC101B012C93009A8A4E /* Products */;
			projectDirPath = "";
			projectRoot = "";
			targets = (
				07E7BC0E1B012C93009A8A4E /* TipCalculator */,
				07E7BC231B012C93009A8A4E /* TipCalculatorTests */,
			);
		};
/* End PBXProject section */

/* Begin PBXResourcesBuildPhase section */
		07E7BC0D1B012C93009A8A4E /* Resources */ = {
			isa = PBXResourcesBuildPhase;
			buildActionMask = 2147483647;
			files = (
				07E7BC1A1B012C93009A8A4E /* Main.storyboard in Resources */,
				07E7BC1F1B012C93009A8A4E /* LaunchScreen.xib in Resources */,
				07E7BC1C1B012C93009A8A4E /* Images.xcassets in Resources */,
			);
			runOnlyForDeploymentPostprocessing = 0;
		};
		07E7BC221B012C93009A8A4E /* Resources */ = {
			isa = PBXResourcesBuildPhase;
			buildActionMask = 2147483647;
			files = (
			);
			runOnlyForDeploymentPostprocessing = 0;
		};
/* End PBXResourcesBuildPhase section */

/* Begin PBXSourcesBuildPhase section */
		07E7BC0B1B012C93009A8A4E /* Sources */ = {
			isa = PBXSourcesBuildPhase;
			buildActionMask = 2147483647;
			files = (
				07E7BC171B012C93009A8A4E /* ViewController.swift in Sources */,
				07E7BC151B012C93009A8A4E /* AppDelegate.swift in Sources */,
			);
			runOnlyForDeploymentPostprocessing = 0;
		};
		07E7BC201B012C93009A8A4E /* Sources */ = {
			isa = PBXSourcesBuildPhase;
			buildActionMask = 2147483647;
			files = (
				07E7BC2B1B012C93009A8A4E /* TipCalculatorTests.swift in Sources */,
			);
			runOnlyForDeploymentPostprocessing = 0;
		};
/* End PBXSourcesBuildPhase section */

/* Begin PBXTargetDependency section */
		07E7BC261B012C93009A8A4E /* PBXTargetDependency */ = {
			isa = PBXTargetDependency;
			target = 07E7BC0E1B012C93009A8A4E /* TipCalculator */;
			targetProxy = 07E7BC251B012C93009A8A4E /* PBXContainerItemProxy */;
		};
/* End PBXTargetDependency section */

/* Begin PBXVariantGroup section */
		07E7BC181B012C93009A8A4E /* Main.storyboard */ = {
			isa = PBXVariantGroup;
			children = (
				07E7BC191B012C93009A8A4E /* Base */,
			);
			name = Main.storyboard;
			sourceTree = "<group>";
		};
		07E7BC1D1B012C93009A8A4E /* LaunchScreen.xib */ = {
			isa = PBXVariantGroup;
			children = (
				07E7BC1E1B012C93009A8A4E /* Base */,
			);
			name = LaunchScreen.xib;
			sourceTree = "<group>";
		};
/* End PBXVariantGroup section */

/* Begin XCBuildConfiguration section */
		07E7BC2C1B012C93009A8A4E /* Debug */ = {
			isa = XCBuildConfiguration;
			buildSettings = {
				ALWAYS_SEARCH_USER_PATHS = NO;
				CLANG_CXX_LANGUAGE_STANDARD = "gnu++0x";
				CLANG_CXX_LIBRARY = "libc++";
				CLANG_ENABLE_MODULES = YES;
				CLANG_ENABLE_OBJC_ARC = YES;
				CLANG_WARN_BOOL_CONVERSION = YES;
				CLANG_WARN_CONSTANT_CONVERSION = YES;
				CLANG_WARN_DIRECT_OBJC_ISA_USAGE = YES_ERROR;
				CLANG_WARN_EMPTY_BODY = YES;
				CLANG_WARN_ENUM_CONVERSION = YES;
				CLANG_WARN_INT_CONVERSION = YES;
				CLANG_WARN_OBJC_ROOT_CLASS = YES_ERROR;
				CLANG_WARN_UNREACHABLE_CODE = YES;
				CLANG_WARN__DUPLICATE_METHOD_MATCH = YES;
				"CODE_SIGN_IDENTITY[sdk=iphoneos*]" = "iPhone Developer";
				COPY_PHASE_STRIP = NO;
				DEBUG_INFORMATION_FORMAT = "dwarf-with-dsym";
				ENABLE_STRICT_OBJC_MSGSEND = YES;
				GCC_C_LANGUAGE_STANDARD = gnu99;
				GCC_DYNAMIC_NO_PIC = NO;
				GCC_NO_COMMON_BLOCKS = YES;
				GCC_OPTIMIZATION_LEVEL = 0;
				GCC_PREPROCESSOR_DEFINITIONS = (
					"DEBUG=1",
					"$(inherited)",
				);
				GCC_SYMBOLS_PRIVATE_EXTERN = NO;
				GCC_WARN_64_TO_32_BIT_CONVERSION = YES;
				GCC_WARN_ABOUT_RETURN_TYPE = YES_ERROR;
				GCC_WARN_UNDECLARED_SELECTOR = YES;
				GCC_WARN_UNINITIALIZED_AUTOS = YES_AGGRESSIVE;
				GCC_WARN_UNUSED_FUNCTION = YES;
				GCC_WARN_UNUSED_VARIABLE = YES;
				IPHONEOS_DEPLOYMENT_TARGET = 8.3;
				MTL_ENABLE_DEBUG_INFO = YES;
				ONLY_ACTIVE_ARCH = YES;
				SDKROOT = iphoneos;
				SWIFT_OPTIMIZATION_LEVEL = "-Onone";
				TARGETED_DEVICE_FAMILY = "1,2";
			};
			name = Debug;
		};
		07E7BC2D1B012C93009A8A4E /* Release */ = {
			isa = XCBuildConfiguration;
			buildSettings = {
				ALWAYS_SEARCH_USER_PATHS = NO;
				CLANG_CXX_LANGUAGE_STANDARD = "gnu++0x";
				CLANG_CXX_LIBRARY = "libc++";
				CLANG_ENABLE_MODULES = YES;
				CLANG_ENABLE_OBJC_ARC = YES;
				CLANG_WARN_BOOL_CONVERSION = YES;
				CLANG_WARN_CONSTANT_CONVERSION = YES;
				CLANG_WARN_DIRECT_OBJC_ISA_USAGE = YES_ERROR;
				CLANG_WARN_EMPTY_BODY = YES;
				CLANG_WARN_ENUM_CONVERSION = YES;
				CLANG_WARN_INT_CONVERSION = YES;
				CLANG_WARN_OBJC_ROOT_CLASS = YES_ERROR;
				CLANG_WARN_UNREACHABLE_CODE = YES;
				CLANG_WARN__DUPLICATE_METHOD_MATCH = YES;
				"CODE_SIGN_IDENTITY[sdk=iphoneos*]" = "iPhone Developer";
				COPY_PHASE_STRIP = NO;
				DEBUG_INFORMATION_FORMAT = "dwarf-with-dsym";
				ENABLE_NS_ASSERTIONS = NO;
				ENABLE_STRICT_OBJC_MSGSEND = YES;
				GCC_C_LANGUAGE_STANDARD = gnu99;
				GCC_NO_COMMON_BLOCKS = YES;
				GCC_WARN_64_TO_32_BIT_CONVERSION = YES;
				GCC_WARN_ABOUT_RETURN_TYPE = YES_ERROR;
				GCC_WARN_UNDECLARED_SELECTOR = YES;
				GCC_WARN_UNINITIALIZED_AUTOS = YES_AGGRESSIVE;
				GCC_WARN_UNUSED_FUNCTION = YES;
				GCC_WARN_UNUSED_VARIABLE = YES;
				IPHONEOS_DEPLOYMENT_TARGET = 8.3;
				MTL_ENABLE_DEBUG_INFO = NO;
				SDKROOT = iphoneos;
				TARGETED_DEVICE_FAMILY = "1,2";
				VALIDATE_PRODUCT = YES;
			};
			name = Release;
		};
		07E7BC2F1B012C93009A8A4E /* Debug */ = {
			isa = XCBuildConfiguration;
			buildSettings = {
				ASSETCATALOG_COMPILER_APPICON_NAME = AppIcon;
				INFOPLIST_FILE = TipCalculator/Info.plist;
				LD_RUNPATH_SEARCH_PATHS = "$(inherited) @executable_path/Frameworks";
				PRODUCT_NAME = "$(TARGET_NAME)";
			};
			name = Debug;
		};
		07E7BC301B012C93009A8A4E /* Release */ = {
			isa = XCBuildConfiguration;
			buildSettings = {
				ASSETCATALOG_COMPILER_APPICON_NAME = AppIcon;
				INFOPLIST_FILE = TipCalculator/Info.plist;
				LD_RUNPATH_SEARCH_PATHS = "$(inherited) @executable_path/Frameworks";
				PRODUCT_NAME = "$(TARGET_NAME)";
			};
			name = Release;
		};
		07E7BC321B012C93009A8A4E /* Debug */ = {
			isa = XCBuildConfiguration;
			buildSettings = {
				BUNDLE_LOADER = "$(TEST_HOST)";
				FRAMEWORK_SEARCH_PATHS = (
					"$(SDKROOT)/Developer/Library/Frameworks",
					"$(inherited)",
				);
				GCC_PREPROCESSOR_DEFINITIONS = (
					"DEBUG=1",
					"$(inherited)",
				);
				INFOPLIST_FILE = TipCalculatorTests/Info.plist;
				LD_RUNPATH_SEARCH_PATHS = "$(inherited) @executable_path/Frameworks @loader_path/Frameworks";
				PRODUCT_NAME = "$(TARGET_NAME)";
				TEST_HOST = "$(BUILT_PRODUCTS_DIR)/TipCalculator.app/TipCalculator";
			};
			name = Debug;
		};
		07E7BC331B012C93009A8A4E /* Release */ = {
			isa = XCBuildConfiguration;
			buildSettings = {
				BUNDLE_LOADER = "$(TEST_HOST)";
				FRAMEWORK_SEARCH_PATHS = (
					"$(SDKROOT)/Developer/Library/Frameworks",
					"$(inherited)",
				);
				INFOPLIST_FILE = TipCalculatorTests/Info.plist;
				LD_RUNPATH_SEARCH_PATHS = "$(inherited) @executable_path/Frameworks @loader_path/Frameworks";
				PRODUCT_NAME = "$(TARGET_NAME)";
				TEST_HOST = "$(BUILT_PRODUCTS_DIR)/TipCalculator.app/TipCalculator";
			};
			name = Release;
		};
/* End XCBuildConfiguration section */

/* Begin XCConfigurationList section */
		07E7BC0A1B012C93009A8A4E /* Build configuration list for PBXProject "TipCalculator" */ = {
			isa = XCConfigurationList;
			buildConfigurations = (
				07E7BC2C1B012C93009A8A4E /* Debug */,
				07E7BC2D1B012C93009A8A4E /* Release */,
			);
			defaultConfigurationIsVisible = 0;
			defaultConfigurationName = Release;
		};
		07E7BC2E1B012C93009A8A4E /* Build configuration list for PBXNativeTarget "TipCalculator" */ = {
			isa = XCConfigurationList;
			buildConfigurations = (
				07E7BC2F1B012C93009A8A4E /* Debug */,
				07E7BC301B012C93009A8A4E /* Release */,
			);
			defaultConfigurationIsVisible = 0;
		};
		07E7BC311B012C93009A8A4E /* Build configuration list for PBXNativeTarget "TipCalculatorTests" */ = {
			isa = XCConfigurationList;
			buildConfigurations = (
				07E7BC321B012C93009A8A4E /* Debug */,
				07E7BC331B012C93009A8A4E /* Release */,
			);
			defaultConfigurationIsVisible = 0;
		};
/* End XCConfigurationList section */
	};
	rootObject = 07E7BC071B012C93009A8A4E /* Project object */;
}
