<?xml version="1.0" encoding="UTF-8"?>
<Scheme
   LastUpgradeVersion = "0720"
   version = "2.0">
   <BuildAction
      parallelizeBuildables = "YES"
      buildImplicitDependencies = "YES">
      <BuildActionEntries>
         <BuildActionEntry
            buildForTesting = "YES"
            buildForRunning = "YES"
            buildForProfiling = "YES"
            buildForArchiving = "YES"
            buildForAnalyzing = "YES">
            <BuildableReference
               BuildableIdentifier = "primary"
               BlueprintIdentifier = "07E7BC441B012CBC009A8A4E"
               BuildableName = "TipCalculator WatchKit App.app"
               BlueprintName = "TipCalculator WatchKit App"
               ReferencedContainer = "container:TipCalculator.xcodeproj">
            </BuildableReference>
         </BuildActionEntry>
         <BuildActionEntry
            buildForTesting = "YES"
            buildForRunning = "YES"
            buildForProfiling = "YES"
            buildForArchiving = "YES"
            buildForAnalyzing = "YES">
            <BuildableReference
               BuildableIdentifier = "primary"
               BlueprintIdentifier = "07E7BC0E1B012C93009A8A4E"
               BuildableName = "TipCalculatoriOS.app"
               BlueprintName = "TipCalculatoriOS"
               ReferencedContainer = "container:TipCalculator.xcodeproj">
            </BuildableReference>
         </BuildActionEntry>
         <BuildActionEntry
            buildForTesting = "YES"
            buildForRunning = "YES"
            buildForProfiling = "YES"
            buildForArchiving = "YES"
            buildForAnalyzing = "YES">
            <BuildableReference
               BuildableIdentifier = "primary"
               BlueprintIdentifier = "07E7BC371B012CBC009A8A4E"
               BuildableName = "TipCalculator WatchKit Extension.appex"
               BlueprintName = "TipCalculator WatchKit Extension"
               ReferencedContainer = "container:TipCalculator.xcodeproj">
            </BuildableReference>
         </BuildActionEntry>
      </BuildActionEntries>
   </BuildAction>
   <TestAction
      buildConfiguration = "Debug"
      selectedDebuggerIdentifier = "Xcode.DebuggerFoundation.Debugger.LLDB"
      selectedLauncherIdentifier = "Xcode.DebuggerFoundation.Launcher.LLDB"
      shouldUseLaunchSchemeArgsEnv = "YES">
      <Testables>
         <TestableReference
            skipped = "NO">
            <BuildableReference
               BuildableIdentifier = "primary"
               BlueprintIdentifier = "07D12B561C7150A8002BACF1"
               BuildableName = "TipCalculatoriOSSpecs.xctest"
               BlueprintName = "TipCalculatoriOSSpecs"
               ReferencedContainer = "container:TipCalculator.xcodeproj">
            </BuildableReference>
         </TestableReference>
      </Testables>
      <MacroExpansion>
         <BuildableReference
            BuildableIdentifier = "primary"
            BlueprintIdentifier = "07E7BC441B012CBC009A8A4E"
            BuildableName = "TipCalculator WatchKit App.app"
            BlueprintName = "TipCalculator WatchKit App"
            ReferencedContainer = "container:TipCalculator.xcodeproj">
         </BuildableReference>
      </MacroExpansion>
      <AdditionalOptions>
      </AdditionalOptions>
   </TestAction>
   <LaunchAction
      buildConfiguration = "Debug"
      selectedDebuggerIdentifier = "Xcode.DebuggerFoundation.Debugger.LLDB"
      selectedLauncherIdentifier = "Xcode.DebuggerFoundation.Launcher.LLDB"
      launchStyle = "0"
      useCustomWorkingDirectory = "NO"
      ignoresPersistentStateOnLaunch = "NO"
      debugDocumentVersioning = "YES"
      debugServiceExtension = "internal"
      allowLocationSimulation = "YES"
      launchAutomaticallySubstyle = "8"
      notificationPayloadFile = "TipCalculator WatchKit Extension/PushNotificationPayload.apns">
      <RemoteRunnable
         runnableDebuggingMode = "2"
         BundleIdentifier = "com.apple.springboard"
         RemotePath = "/TipCalculator">
         <BuildableReference
            BuildableIdentifier = "primary"
            BlueprintIdentifier = "07E7BC441B012CBC009A8A4E"
            BuildableName = "TipCalculator WatchKit App.app"
            BlueprintName = "TipCalculator WatchKit App"
            ReferencedContainer = "container:TipCalculator.xcodeproj">
         </BuildableReference>
      </RemoteRunnable>
      <MacroExpansion>
         <BuildableReference
            BuildableIdentifier = "primary"
            BlueprintIdentifier = "07E7BC441B012CBC009A8A4E"
            BuildableName = "TipCalculator WatchKit App.app"
            BlueprintName = "TipCalculator WatchKit App"
            ReferencedContainer = "container:TipCalculator.xcodeproj">
         </BuildableReference>
      </MacroExpansion>
      <AdditionalOptions>
      </AdditionalOptions>
   </LaunchAction>
   <ProfileAction
      buildConfiguration = "Release"
      shouldUseLaunchSchemeArgsEnv = "YES"
      savedToolIdentifier = ""
      useCustomWorkingDirectory = "NO"
      debugDocumentVersioning = "YES"
      launchAutomaticallySubstyle = "8"
      notificationPayloadFile = "TipCalculator WatchKit Extension/PushNotificationPayload.apns">
      <RemoteRunnable
         runnableDebuggingMode = "2"
         BundleIdentifier = "com.apple.springboard"
         RemotePath = "/TipCalculator">
         <BuildableReference
            BuildableIdentifier = "primary"
            BlueprintIdentifier = "07E7BC441B012CBC009A8A4E"
            BuildableName = "TipCalculator WatchKit App.app"
            BlueprintName = "TipCalculator WatchKit App"
            ReferencedContainer = "container:TipCalculator.xcodeproj">
         </BuildableReference>
      </RemoteRunnable>
      <MacroExpansion>
         <BuildableReference
            BuildableIdentifier = "primary"
            BlueprintIdentifier = "07E7BC441B012CBC009A8A4E"
            BuildableName = "TipCalculator WatchKit App.app"
            BlueprintName = "TipCalculator WatchKit App"
            ReferencedContainer = "container:TipCalculator.xcodeproj">
         </BuildableReference>
      </MacroExpansion>
   </ProfileAction>
   <AnalyzeAction
      buildConfiguration = "Debug">
   </AnalyzeAction>
   <ArchiveAction
      buildConfiguration = "Release"
      revealArchiveInOrganizer = "YES">
   </ArchiveAction>
</Scheme>
